lockfileVersion: '6.0'

settings:
  autoInstallPeers: true
  excludeLinksFromLockfile: false

dependencies:
  '@vercel/blob':
    specifier: ^0.22.0
    version: 0.22.0
  '@vercel/edge':
    specifier: ^1.1.1
    version: 1.1.1
  '@vercel/kv':
    specifier: ^1.0.1
    version: 1.0.1

devDependencies:
  '@biomejs/biome':
    specifier: ^1.5.3
    version: 1.5.3

packages:

  /@biomejs/biome@1.5.3:
    resolution: {integrity: sha512-yvZCa/g3akwTaAQ7PCwPWDCkZs3Qa5ONg/fgOUT9e6wAWsPftCjLQFPXBeGxPK30yZSSpgEmRCfpGTmVbUjGgg==}
    engines: {node: '>=14.*'}
    hasBin: true
    requiresBuild: true
    optionalDependencies:
      '@biomejs/cli-darwin-arm64': 1.5.3
      '@biomejs/cli-darwin-x64': 1.5.3
      '@biomejs/cli-linux-arm64': 1.5.3
      '@biomejs/cli-linux-arm64-musl': 1.5.3
      '@biomejs/cli-linux-x64': 1.5.3
      '@biomejs/cli-linux-x64-musl': 1.5.3
      '@biomejs/cli-win32-arm64': 1.5.3
      '@biomejs/cli-win32-x64': 1.5.3
    dev: true

  /@biomejs/cli-darwin-arm64@1.5.3:
    resolution: {integrity: sha512-ImU7mh1HghEDyqNmxEZBoMPr8SxekkZuYcs+gynKlNW+TALQs7swkERiBLkG9NR0K1B3/2uVzlvYowXrmlW8hw==}
    engines: {node: '>=14.*'}
    cpu: [arm64]
    os: [darwin]
    requiresBuild: true
    dev: true
    optional: true

  /@biomejs/cli-darwin-x64@1.5.3:
    resolution: {integrity: sha512-vCdASqYnlpq/swErH7FD6nrFz0czFtK4k/iLgj0/+VmZVjineFPgevOb+Sr9vz0tk0GfdQO60bSpI74zU8M9Dw==}
    engines: {node: '>=14.*'}
    cpu: [x64]
    os: [darwin]
    requiresBuild: true
    dev: true
    optional: true

  /@biomejs/cli-linux-arm64-musl@1.5.3:
    resolution: {integrity: sha512-DYuMizUYUBYfS0IHGjDrOP1RGipqWfMGEvNEJ398zdtmCKLXaUvTimiox5dvx4X15mBK5M2m8wgWUgOP1giUpQ==}
    engines: {node: '>=14.*'}
    cpu: [arm64]
    os: [linux]
    requiresBuild: true
    dev: true
    optional: true

  /@biomejs/cli-linux-arm64@1.5.3:
    resolution: {integrity: sha512-cupBQv0sNF1OKqBfx7EDWMSsKwRrBUZfjXawT4s6hKV6ALq7p0QzWlxr/sDmbKMLOaLQtw2Qgu/77N9rm+f9Rg==}
    engines: {node: '>=14.*'}
    cpu: [arm64]
    os: [linux]
    requiresBuild: true
    dev: true
    optional: true

  /@biomejs/cli-linux-x64-musl@1.5.3:
    resolution: {integrity: sha512-UUHiAnlDqr2Y/LpvshBFhUYMWkl2/Jn+bi3U6jKuav0qWbbBKU/ByHgR4+NBxpKBYoCtWxhnmatfH1bpPIuZMw==}
    engines: {node: '>=14.*'}
    cpu: [x64]
    os: [linux]
    requiresBuild: true
    dev: true
    optional: true

  /@biomejs/cli-linux-x64@1.5.3:
    resolution: {integrity: sha512-YQrSArQvcv4FYsk7Q91Yv4uuu5F8hJyORVcv3zsjCLGkjIjx2RhjYLpTL733SNL7v33GmOlZY0eFR1ko38tuUw==}
    engines: {node: '>=14.*'}
    cpu: [x64]
    os: [linux]
    requiresBuild: true
    dev: true
    optional: true

  /@biomejs/cli-win32-arm64@1.5.3:
    resolution: {integrity: sha512-HxatYH7vf/kX9nrD+pDYuV2GI9GV8EFo6cfKkahAecTuZLPxryHx1WEfJthp5eNsE0+09STGkKIKjirP0ufaZA==}
    engines: {node: '>=14.*'}
    cpu: [arm64]
    os: [win32]
    requiresBuild: true
    dev: true
    optional: true

  /@biomejs/cli-win32-x64@1.5.3:
    resolution: {integrity: sha512-fMvbSouZEASU7mZH8SIJSANDm5OqsjgtVXlbUqxwed6BP7uuHRSs396Aqwh2+VoW8fwTpp6ybIUoC9FrzB0kyA==}
    engines: {node: '>=14.*'}
    cpu: [x64]
    os: [win32]
    requiresBuild: true
    dev: true
    optional: true

  /@fastify/busboy@2.1.0:
    resolution: {integrity: sha512-+KpH+QxZU7O4675t3mnkQKcZZg56u+K/Ct2K+N2AZYNVK8kyeo/bI18tI8aPm3tvNNRyTWfj6s5tnGNlcbQRsA==}
    engines: {node: '>=14'}
    dev: false

  /@upstash/redis@1.25.1:
    resolution: {integrity: sha512-ACj0GhJ4qrQyBshwFgPod6XufVEfKX2wcaihsEvSdLYnY+m+pa13kGt1RXm/yTHKf4TQi/Dy2A8z/y6WUEOmlg==}
    dependencies:
      crypto-js: 4.2.0
    dev: false

  /@vercel/blob@0.22.0:
    resolution: {integrity: sha512-l0o5bN5ih1H1DG29goULMpCzNIoFI3knFYNFwvGN7iZhK9vltCdlDy77AmrFldRP5af02YczUkjSXWLHMrHStg==}
    engines: {node: '>=16.14'}
    dependencies:
      async-retry: 1.3.3
      bytes: 3.1.2
      undici: 5.28.2
    dev: false

  /@vercel/edge@1.1.1:
    resolution: {integrity: sha512-NtKiIbn9Cq6HWGy+qRudz28mz5nxfOJWls5Pnckjw1yCfSX8rhXdvY/il3Sy3Zd5n/sKCM2h7VSCCpJF/oaDrQ==}
    dev: false

  /@vercel/kv@1.0.1:
    resolution: {integrity: sha512-uTKddsqVYS2GRAM/QMNNXCTuw9N742mLoGRXoNDcyECaxEXvIHG0dEY+ZnYISV4Vz534VwJO+64fd9XeSggSKw==}
    engines: {node: '>=14.6'}
    dependencies:
      '@upstash/redis': 1.25.1
    dev: false

  /async-retry@1.3.3:
    resolution: {integrity: sha512-wfr/jstw9xNi/0teMHrRW7dsz3Lt5ARhYNZ2ewpadnhaIp5mbALhOAP+EAdsC7t4Z6wqsDVv9+W6gm1Dk9mEyw==}
    dependencies:
      retry: 0.13.1
    dev: false

  /bytes@3.1.2:
    resolution: {integrity: sha512-/Nf7TyzTx6S3yRJObOAV7956r8cr2+Oj8AC5dt8wSP3BQAoeX58NoHyCU8P8zGkNXStjTSi6fzO6F0pBdcYbEg==}
    engines: {node: '>= 0.8'}
    dev: false

  /crypto-js@4.2.0:
    resolution: {integrity: sha512-KALDyEYgpY+Rlob/iriUtjV6d5Eq+Y191A5g4UqLAi8CyGP9N1+FdVbkc1SxKc2r4YAYqG8JzO2KGL+AizD70Q==}
    dev: false

  /retry@0.13.1:
    resolution: {integrity: sha512-XQBQ3I8W1Cge0Seh+6gjj03LbmRFWuoszgK9ooCpwYIrhhoO80pfq4cUkU5DkknwfOfFteRwlZ56PYOGYyFWdg==}
    engines: {node: '>= 4'}
    dev: false

  /undici@5.28.2:
    resolution: {integrity: sha512-wh1pHJHnUeQV5Xa8/kyQhO7WFa8M34l026L5P/+2TYiakvGy5Rdc8jWZVyG7ieht/0WgJLEd3kcU5gKx+6GC8w==}
    engines: {node: '>=14.0'}
    dependencies:
      '@fastify/busboy': 2.1.0
    dev: false
